
Microsoft Visual Studio Solution File, Format Version 12.00
# Visual Studio Version 17
VisualStudioVersion = 17.0.32112.339
MinimumVisualStudioVersion = 10.0.40219.1
Project("{FAE04EC0-301F-11D3-BF4B-00C04F79EFBC}") = "wolf-goat-cabbage-problem", "wolf-goat-cabbage-problem\wolf-goat-cabbage-problem.csproj", "{4FFA84B8-3239-491F-B56C-D3824F5A537D}"
EndProject
Global
	GlobalSection(SolutionConfigurationPlatforms) = preSolution
		Debug|Any CPU = Debug|Any CPU
		Release|Any CPU = Release|Any CPU
	EndGlobalSection
	GlobalSection(ProjectConfigurationPlatforms) = postSolution
		{4FFA84B8-3239-491F-B56C-D3824F5A537D}.Debug|Any CPU.ActiveCfg = Debug|Any CPU
		{4FFA84B8-3239-491F-B56C-D3824F5A537D}.Debug|Any CPU.Build.0 = Debug|Any CPU
		{4FFA84B8-3239-491F-B56C-D3824F5A537D}.Release|Any CPU.ActiveCfg = Release|Any CPU
		{4FFA84B8-3239-491F-B56C-D3824F5A537D}.Release|Any CPU.Build.0 = Release|Any CPU
	EndGlobalSection
	GlobalSection(SolutionProperties) = preSolution
		HideSolutionNode = FALSE
	EndGlobalSection
	GlobalSection(ExtensibilityGlobals) = postSolution
		SolutionGuid = {E0374656-6563-4116-983E-732AEDC5E723}
	EndGlobalSection
EndGlobal
